
Microsoft Visual Studio Solution File, Format Version 12.00
# Visual Studio 15
VisualStudioVersion = 15.0.28010.2019
MinimumVisualStudioVersion = 10.0.40219.1
Project("{FAE04EC0-301F-11D3-BF4B-00C04F79EFBC}") = "postgreSQLEntity", "postgreSQLEntity\postgreSQLEntity.csproj", "{62031842-6A68-43E7-A50B-B06986FF470B}"
EndProject
Global
	GlobalSection(SolutionConfigurationPlatforms) = preSolution
		Debug|Any CPU = Debug|Any CPU
		Release|Any CPU = Release|Any CPU
	EndGlobalSection
	GlobalSection(ProjectConfigurationPlatforms) = postSolution
		{62031842-6A68-43E7-A50B-B06986FF470B}.Debug|Any CPU.ActiveCfg = Debug|Any CPU
		{62031842-6A68-43E7-A50B-B06986FF470B}.Debug|Any CPU.Build.0 = Debug|Any CPU
		{62031842-6A68-43E7-A50B-B06986FF470B}.Release|Any CPU.ActiveCfg = Release|Any CPU
		{62031842-6A68-43E7-A50B-B06986FF470B}.Release|Any CPU.Build.0 = Release|Any CPU
	EndGlobalSection
	GlobalSection(SolutionProperties) = preSolution
		HideSolutionNode = FALSE
	EndGlobalSection
	GlobalSection(ExtensibilityGlobals) = postSolution
		SolutionGuid = {405FC298-42BD-4437-BBF7-33F79B9A3CE6}
	EndGlobalSection
EndGlobal
